
Microsoft Visual Studio Solution File, Format Version 12.00
# Visual Studio Version 17
VisualStudioVersion = 17.4.33205.214
MinimumVisualStudioVersion = 10.0.40219.1
Project("{FAE04EC0-301F-11D3-BF4B-00C04F79EFBC}") = "Inheritance_BITC", "Inheritance_BITC\Inheritance_BITC.csproj", "{B619E0DF-E4D8-45F4-98CF-5C2D4648037D}"
EndProject
Global
	GlobalSection(SolutionConfigurationPlatforms) = preSolution
		Debug|Any CPU = Debug|Any CPU
		Release|Any CPU = Release|Any CPU
	EndGlobalSection
	GlobalSection(ProjectConfigurationPlatforms) = postSolution
		{B619E0DF-E4D8-45F4-98CF-5C2D4648037D}.Debug|Any CPU.ActiveCfg = Debug|Any CPU
		{B619E0DF-E4D8-45F4-98CF-5C2D4648037D}.Debug|Any CPU.Build.0 = Debug|Any CPU
		{B619E0DF-E4D8-45F4-98CF-5C2D4648037D}.Release|Any CPU.ActiveCfg = Release|Any CPU
		{B619E0DF-E4D8-45F4-98CF-5C2D4648037D}.Release|Any CPU.Build.0 = Release|Any CPU
	EndGlobalSection
	GlobalSection(SolutionProperties) = preSolution
		HideSolutionNode = FALSE
	EndGlobalSection
	GlobalSection(ExtensibilityGlobals) = postSolution
		SolutionGuid = {14945164-F7E3-4EB8-8635-02A5C23EBDF1}
	EndGlobalSection
EndGlobal
